// !$*UTF8*$!
{
	archiveVersion = 1;
	classes = {
	};
	objectVersion = 56;
	objects = {

/* Begin PBXBuildFile section */
		775ABBF92A4458FA001505CE /* AppDelegate.swift in Sources */ = {isa = PBXBuildFile; fileRef = 775ABBF82A4458FA001505CE /* AppDelegate.swift */; };
		775ABBFB2A4458FA001505CE /* SceneDelegate.swift in Sources */ = {isa = PBXBuildFile; fileRef = 775ABBFA2A4458FA001505CE /* SceneDelegate.swift */; };
		775ABBFD2A4458FA001505CE /* ViewController.swift in Sources */ = {isa = PBXBuildFile; fileRef = 775ABBFC2A4458FA001505CE /* ViewController.swift */; };
		775ABC002A4458FA001505CE /* Main.storyboard in Resources */ = {isa = PBXBuildFile; fileRef = 775ABBFE2A4458FA001505CE /* Main.storyboard */; };
		775ABC032A4458FA001505CE /* homework5_NSLayoutConstraint.xcdatamodeld in Sources */ = {isa = PBXBuildFile; fileRef = 775ABC012A4458FA001505CE /* homework5_NSLayoutConstraint.xcdatamodeld */; };
		775ABC052A4458FB001505CE /* Assets.xcassets in Resources */ = {isa = PBXBuildFile; fileRef = 775ABC042A4458FB001505CE /* Assets.xcassets */; };
		775ABC082A4458FB001505CE /* LaunchScreen.storyboard in Resources */ = {isa = PBXBuildFile; fileRef = 775ABC062A4458FB001505CE /* LaunchScreen.storyboard */; };
		775ABC132A4458FB001505CE /* homework5_NSLayoutConstraintTests.swift in Sources */ = {isa = PBXBuildFile; fileRef = 775ABC122A4458FB001505CE /* homework5_NSLayoutConstraintTests.swift */; };
		775ABC1D2A4458FB001505CE /* homework5_NSLayoutConstraintUITests.swift in Sources */ = {isa = PBXBuildFile; fileRef = 775ABC1C2A4458FB001505CE /* homework5_NSLayoutConstraintUITests.swift */; };
		775ABC1F2A4458FB001505CE /* homework5_NSLayoutConstraintUITestsLaunchTests.swift in Sources */ = {isa = PBXBuildFile; fileRef = 775ABC1E2A4458FB001505CE /* homework5_NSLayoutConstraintUITestsLaunchTests.swift */; };
/* End PBXBuildFile section */

/* Begin PBXContainerItemProxy section */
		775ABC0F2A4458FB001505CE /* PBXContainerItemProxy */ = {
			isa = PBXContainerItemProxy;
			containerPortal = 775ABBED2A4458FA001505CE /* Project object */;
			proxyType = 1;
			remoteGlobalIDString = 775ABBF42A4458FA001505CE;
			remoteInfo = homework5_NSLayoutConstraint;
		};
		775ABC192A4458FB001505CE /* PBXContainerItemProxy */ = {
			isa = PBXContainerItemProxy;
			containerPortal = 775ABBED2A4458FA001505CE /* Project object */;
			proxyType = 1;
			remoteGlobalIDString = 775ABBF42A4458FA001505CE;
			remoteInfo = homework5_NSLayoutConstraint;
		};
/* End PBXContainerItemProxy section */

/* Begin PBXFileReference section */
		775ABBF52A4458FA001505CE /* homework5_NSLayoutConstraint.app */ = {isa = PBXFileReference; explicitFileType = wrapper.application; includeInIndex = 0; path = homework5_NSLayoutConstraint.app; sourceTree = BUILT_PRODUCTS_DIR; };
		775ABBF82A4458FA001505CE /* AppDelegate.swift */ = {isa = PBXFileReference; lastKnownFileType = sourcecode.swift; path = AppDelegate.swift; sourceTree = "<group>"; };
		775ABBFA2A4458FA001505CE /* SceneDelegate.swift */ = {isa = PBXFileReference; lastKnownFileType = sourcecode.swift; path = SceneDelegate.swift; sourceTree = "<group>"; };
		775ABBFC2A4458FA001505CE /* ViewController.swift */ = {isa = PBXFileReference; lastKnownFileType = sourcecode.swift; path = ViewController.swift; sourceTree = "<group>"; };
		775ABBFF2A4458FA001505CE /* Base */ = {isa = PBXFileReference; lastKnownFileType = file.storyboard; name = Base; path = Base.lproj/Main.storyboard; sourceTree = "<group>"; };
		775ABC022A4458FA001505CE /* homework5_NSLayoutConstraint.xcdatamodel */ = {isa = PBXFileReference; lastKnownFileType = wrapper.xcdatamodel; path = homework5_NSLayoutConstraint.xcdatamodel; sourceTree = "<group>"; };
		775ABC042A4458FB001505CE /* Assets.xcassets */ = {isa = PBXFileReference; lastKnownFileType = folder.assetcatalog; path = Assets.xcassets; sourceTree = "<group>"; };
		775ABC072A4458FB001505CE /* Base */ = {isa = PBXFileReference; lastKnownFileType = file.storyboard; name = Base; path = Base.lproj/LaunchScreen.storyboard; sourceTree = "<group>"; };
		775ABC092A4458FB001505CE /* Info.plist */ = {isa = PBXFileReference; lastKnownFileType = text.plist.xml; path = Info.plist; sourceTree = "<group>"; };
		775ABC0E2A4458FB001505CE /* homework5_NSLayoutConstraintTests.xctest */ = {isa = PBXFileReference; explicitFileType = wrapper.cfbundle; includeInIndex = 0; path = homework5_NSLayoutConstraintTests.xctest; sourceTree = BUILT_PRODUCTS_DIR; };
		775ABC122A4458FB001505CE /* homework5_NSLayoutConstraintTests.swift */ = {isa = PBXFileReference; lastKnownFileType = sourcecode.swift; path = homework5_NSLayoutConstraintTests.swift; sourceTree = "<group>"; };
		775ABC182A4458FB001505CE /* homework5_NSLayoutConstraintUITests.xctest */ = {isa = PBXFileReference; explicitFileType = wrapper.cfbundle; includeInIndex = 0; path = homework5_NSLayoutConstraintUITests.xctest; sourceTree = BUILT_PRODUCTS_DIR; };
		775ABC1C2A4458FB001505CE /* homework5_NSLayoutConstraintUITests.swift */ = {isa = PBXFileReference; lastKnownFileType = sourcecode.swift; path = homework5_NSLayoutConstraintUITests.swift; sourceTree = "<group>"; };
		775ABC1E2A4458FB001505CE /* homework5_NSLayoutConstraintUITestsLaunchTests.swift */ = {isa = PBXFileReference; lastKnownFileType = sourcecode.swift; path = homework5_NSLayoutConstraintUITestsLaunchTests.swift; sourceTree = "<group>"; };
/* End PBXFileReference section */

/* Begin PBXFrameworksBuildPhase section */
		775ABBF22A4458FA001505CE /* Frameworks */ = {
			isa = PBXFrameworksBuildPhase;
			buildActionMask = 2147483647;
			files = (
			);
			runOnlyForDeploymentPostprocessing = 0;
		};
		775ABC0B2A4458FB001505CE /* Frameworks */ = {
			isa = PBXFrameworksBuildPhase;
			buildActionMask = 2147483647;
			files = (
			);
			runOnlyForDeploymentPostprocessing = 0;
		};
		775ABC152A4458FB001505CE /* Frameworks */ = {
			isa = PBXFrameworksBuildPhase;
			buildActionMask = 2147483647;
			files = (
			);
			runOnlyForDeploymentPostprocessing = 0;
		};
/* End PBXFrameworksBuildPhase section */

/* Begin PBXGroup section */
		775ABBEC2A4458FA001505CE = {
			isa = PBXGroup;
			children = (
				775ABBF72A4458FA001505CE /* homework5_NSLayoutConstraint */,
				775ABC112A4458FB001505CE /* homework5_NSLayoutConstraintTests */,
				775ABC1B2A4458FB001505CE /* homework5_NSLayoutConstraintUITests */,
				775ABBF62A4458FA001505CE /* Products */,
			);
			sourceTree = "<group>";
		};
		775ABBF62A4458FA001505CE /* Products */ = {
			isa = PBXGroup;
			children = (
				775ABBF52A4458FA001505CE /* homework5_NSLayoutConstraint.app */,
				775ABC0E2A4458FB001505CE /* homework5_NSLayoutConstraintTests.xctest */,
				775ABC182A4458FB001505CE /* homework5_NSLayoutConstraintUITests.xctest */,
			);
			name = Products;
			sourceTree = "<group>";
		};
		775ABBF72A4458FA001505CE /* homework5_NSLayoutConstraint */ = {
			isa = PBXGroup;
			children = (
				775ABBF82A4458FA001505CE /* AppDelegate.swift */,
				775ABBFA2A4458FA001505CE /* SceneDelegate.swift */,
				775ABBFC2A4458FA001505CE /* ViewController.swift */,
				775ABBFE2A4458FA001505CE /* Main.storyboard */,
				775ABC042A4458FB001505CE /* Assets.xcassets */,
				775ABC062A4458FB001505CE /* LaunchScreen.storyboard */,
				775ABC092A4458FB001505CE /* Info.plist */,
				775ABC012A4458FA001505CE /* homework5_NSLayoutConstraint.xcdatamodeld */,
			);
			path = homework5_NSLayoutConstraint;
			sourceTree = "<group>";
		};
		775ABC112A4458FB001505CE /* homework5_NSLayoutConstraintTests */ = {
			isa = PBXGroup;
			children = (
				775ABC122A4458FB001505CE /* homework5_NSLayoutConstraintTests.swift */,
			);
			path = homework5_NSLayoutConstraintTests;
			sourceTree = "<group>";
		};
		775ABC1B2A4458FB001505CE /* homework5_NSLayoutConstraintUITests */ = {
			isa = PBXGroup;
			children = (
				775ABC1C2A4458FB001505CE /* homework5_NSLayoutConstraintUITests.swift */,
				775ABC1E2A4458FB001505CE /* homework5_NSLayoutConstraintUITestsLaunchTests.swift */,
			);
			path = homework5_NSLayoutConstraintUITests;
			sourceTree = "<group>";
		};
/* End PBXGroup section */

/* Begin PBXNativeTarget section */
		775ABBF42A4458FA001505CE /* homework5_NSLayoutConstraint */ = {
			isa = PBXNativeTarget;
			buildConfigurationList = 775ABC222A4458FB001505CE /* Build configuration list for PBXNativeTarget "homework5_NSLayoutConstraint" */;
			buildPhases = (
				775ABBF12A4458FA001505CE /* Sources */,
				775ABBF22A4458FA001505CE /* Frameworks */,
				775ABBF32A4458FA001505CE /* Resources */,
			);
			buildRules = (
			);
			dependencies = (
			);
			name = homework5_NSLayoutConstraint;
			productName = homework5_NSLayoutConstraint;
			productReference = 775ABBF52A4458FA001505CE /* homework5_NSLayoutConstraint.app */;
			productType = "com.apple.product-type.application";
		};
		775ABC0D2A4458FB001505CE /* homework5_NSLayoutConstraintTests */ = {
			isa = PBXNativeTarget;
			buildConfigurationList = 775ABC252A4458FB001505CE /* Build configuration list for PBXNativeTarget "homework5_NSLayoutConstraintTests" */;
			buildPhases = (
				775ABC0A2A4458FB001505CE /* Sources */,
				775ABC0B2A4458FB001505CE /* Frameworks */,
				775ABC0C2A4458FB001505CE /* Resources */,
			);
			buildRules = (
			);
			dependencies = (
				775ABC102A4458FB001505CE /* PBXTargetDependency */,
			);
			name = homework5_NSLayoutConstraintTests;
			productName = homework5_NSLayoutConstraintTests;
			productReference = 775ABC0E2A4458FB001505CE /* homework5_NSLayoutConstraintTests.xctest */;
			productType = "com.apple.product-type.bundle.unit-test";
		};
		775ABC172A4458FB001505CE /* homework5_NSLayoutConstraintUITests */ = {
			isa = PBXNativeTarget;
			buildConfigurationList = 775ABC282A4458FB001505CE /* Build configuration list for PBXNativeTarget "homework5_NSLayoutConstraintUITests" */;
			buildPhases = (
				775ABC142A4458FB001505CE /* Sources */,
				775ABC152A4458FB001505CE /* Frameworks */,
				775ABC162A4458FB001505CE /* Resources */,
			);
			buildRules = (
			);
			dependencies = (
				775ABC1A2A4458FB001505CE /* PBXTargetDependency */,
			);
			name = homework5_NSLayoutConstraintUITests;
			productName = homework5_NSLayoutConstraintUITests;
			productReference = 775ABC182A4458FB001505CE /* homework5_NSLayoutConstraintUITests.xctest */;
			productType = "com.apple.product-type.bundle.ui-testing";
		};
/* End PBXNativeTarget section */

/* Begin PBXProject section */
		775ABBED2A4458FA001505CE /* Project object */ = {
			isa = PBXProject;
			attributes = {
				BuildIndependentTargetsInParallel = 1;
				LastSwiftUpdateCheck = 1430;
				LastUpgradeCheck = 1430;
				TargetAttributes = {
					775ABBF42A4458FA001505CE = {
						CreatedOnToolsVersion = 14.3.1;
					};
					775ABC0D2A4458FB001505CE = {
						CreatedOnToolsVersion = 14.3.1;
						TestTargetID = 775ABBF42A4458FA001505CE;
					};
					775ABC172A4458FB001505CE = {
						CreatedOnToolsVersion = 14.3.1;
						TestTargetID = 775ABBF42A4458FA001505CE;
					};
				};
			};
			buildConfigurationList = 775ABBF02A4458FA001505CE /* Build configuration list for PBXProject "homework5_NSLayoutConstraint" */;
			compatibilityVersion = "Xcode 14.0";
			developmentRegion = en;
			hasScannedForEncodings = 0;
			knownRegions = (
				en,
				Base,
			);
			mainGroup = 775ABBEC2A4458FA001505CE;
			productRefGroup = 775ABBF62A4458FA001505CE /* Products */;
			projectDirPath = "";
			projectRoot = "";
			targets = (
				775ABBF42A4458FA001505CE /* homework5_NSLayoutConstraint */,
				775ABC0D2A4458FB001505CE /* homework5_NSLayoutConstraintTests */,
				775ABC172A4458FB001505CE /* homework5_NSLayoutConstraintUITests */,
			);
		};
/* End PBXProject section */

/* Begin PBXResourcesBuildPhase section */
		775ABBF32A4458FA001505CE /* Resources */ = {
			isa = PBXResourcesBuildPhase;
			buildActionMask = 2147483647;
			files = (
				775ABC082A4458FB001505CE /* LaunchScreen.storyboard in Resources */,
				775ABC052A4458FB001505CE /* Assets.xcassets in Resources */,
				775ABC002A4458FA001505CE /* Main.storyboard in Resources */,
			);
			runOnlyForDeploymentPostprocessing = 0;
		};
		775ABC0C2A4458FB001505CE /* Resources */ = {
			isa = PBXResourcesBuildPhase;
			buildActionMask = 2147483647;
			files = (
			);
			runOnlyForDeploymentPostprocessing = 0;
		};
		775ABC162A4458FB001505CE /* Resources */ = {
			isa = PBXResourcesBuildPhase;
			buildActionMask = 2147483647;
			files = (
			);
			runOnlyForDeploymentPostprocessing = 0;
		};
/* End PBXResourcesBuildPhase section */

/* Begin PBXSourcesBuildPhase section */
		775ABBF12A4458FA001505CE /* Sources */ = {
			isa = PBXSourcesBuildPhase;
			buildActionMask = 2147483647;
			files = (
				775ABBFD2A4458FA001505CE /* ViewController.swift in Sources */,
				775ABC032A4458FA001505CE /* homework5_NSLayoutConstraint.xcdatamodeld in Sources */,
				775ABBF92A4458FA001505CE /* AppDelegate.swift in Sources */,
				775ABBFB2A4458FA001505CE /* SceneDelegate.swift in Sources */,
			);
			runOnlyForDeploymentPostprocessing = 0;
		};
		775ABC0A2A4458FB001505CE /* Sources */ = {
			isa = PBXSourcesBuildPhase;
			buildActionMask = 2147483647;
			files = (
				775ABC132A4458FB001505CE /* homework5_NSLayoutConstraintTests.swift in Sources */,
			);
			runOnlyForDeploymentPostprocessing = 0;
		};
		775ABC142A4458FB001505CE /* Sources */ = {
			isa = PBXSourcesBuildPhase;
			buildActionMask = 2147483647;
			files = (
				775ABC1F2A4458FB001505CE /* homework5_NSLayoutConstraintUITestsLaunchTests.swift in Sources */,
				775ABC1D2A4458FB001505CE /* homework5_NSLayoutConstraintUITests.swift in Sources */,
			);
			runOnlyForDeploymentPostprocessing = 0;
		};
/* End PBXSourcesBuildPhase section */

/* Begin PBXTargetDependency section */
		775ABC102A4458FB001505CE /* PBXTargetDependency */ = {
			isa = PBXTargetDependency;
			target = 775ABBF42A4458FA001505CE /* homework5_NSLayoutConstraint */;
			targetProxy = 775ABC0F2A4458FB001505CE /* PBXContainerItemProxy */;
		};
		775ABC1A2A4458FB001505CE /* PBXTargetDependency */ = {
			isa = PBXTargetDependency;
			target = 775ABBF42A4458FA001505CE /* homework5_NSLayoutConstraint */;
			targetProxy = 775ABC192A4458FB001505CE /* PBXContainerItemProxy */;
		};
/* End PBXTargetDependency section */

/* Begin PBXVariantGroup section */
		775ABBFE2A4458FA001505CE /* Main.storyboard */ = {
			isa = PBXVariantGroup;
			children = (
				775ABBFF2A4458FA001505CE /* Base */,
			);
			name = Main.storyboard;
			sourceTree = "<group>";
		};
		775ABC062A4458FB001505CE /* LaunchScreen.storyboard */ = {
			isa = PBXVariantGroup;
			children = (
				775ABC072A4458FB001505CE /* Base */,
			);
			name = LaunchScreen.storyboard;
			sourceTree = "<group>";
		};
/* End PBXVariantGroup section */

/* Begin XCBuildConfiguration section */
		775ABC202A4458FB001505CE /* Debug */ = {
			isa = XCBuildConfiguration;
			buildSettings = {
				ALWAYS_SEARCH_USER_PATHS = NO;
				CLANG_ANALYZER_NONNULL = YES;
				CLANG_ANALYZER_NUMBER_OBJECT_CONVERSION = YES_AGGRESSIVE;
				CLANG_CXX_LANGUAGE_STANDARD = "gnu++20";
				CLANG_ENABLE_MODULES = YES;
				CLANG_ENABLE_OBJC_ARC = YES;
				CLANG_ENABLE_OBJC_WEAK = YES;
				CLANG_WARN_BLOCK_CAPTURE_AUTORELEASING = YES;
				CLANG_WARN_BOOL_CONVERSION = YES;
				CLANG_WARN_COMMA = YES;
				CLANG_WARN_CONSTANT_CONVERSION = YES;
				CLANG_WARN_DEPRECATED_OBJC_IMPLEMENTATIONS = YES;
				CLANG_WARN_DIRECT_OBJC_ISA_USAGE = YES_ERROR;
				CLANG_WARN_DOCUMENTATION_COMMENTS = YES;
				CLANG_WARN_EMPTY_BODY = YES;
				CLANG_WARN_ENUM_CONVERSION = YES;
				CLANG_WARN_INFINITE_RECURSION = YES;
				CLANG_WARN_INT_CONVERSION = YES;
				CLANG_WARN_NON_LITERAL_NULL_CONVERSION = YES;
				CLANG_WARN_OBJC_IMPLICIT_RETAIN_SELF = YES;
				CLANG_WARN_OBJC_LITERAL_CONVERSION = YES;
				CLANG_WARN_OBJC_ROOT_CLASS = YES_ERROR;
				CLANG_WARN_QUOTED_INCLUDE_IN_FRAMEWORK_HEADER = YES;
				CLANG_WARN_RANGE_LOOP_ANALYSIS = YES;
				CLANG_WARN_STRICT_PROTOTYPES = YES;
				CLANG_WARN_SUSPICIOUS_MOVE = YES;
				CLANG_WARN_UNGUARDED_AVAILABILITY = YES_AGGRESSIVE;
				CLANG_WARN_UNREACHABLE_CODE = YES;
				CLANG_WARN__DUPLICATE_METHOD_MATCH = YES;
				COPY_PHASE_STRIP = NO;
				DEBUG_INFORMATION_FORMAT = dwarf;
				ENABLE_STRICT_OBJC_MSGSEND = YES;
				ENABLE_TESTABILITY = YES;
				GCC_C_LANGUAGE_STANDARD = gnu11;
				GCC_DYNAMIC_NO_PIC = NO;
				GCC_NO_COMMON_BLOCKS = YES;
				GCC_OPTIMIZATION_LEVEL = 0;
				GCC_PREPROCESSOR_DEFINITIONS = (
					"DEBUG=1",
					"$(inherited)",
				);
				GCC_WARN_64_TO_32_BIT_CONVERSION = YES;
				GCC_WARN_ABOUT_RETURN_TYPE = YES_ERROR;
				GCC_WARN_UNDECLARED_SELECTOR = YES;
				GCC_WARN_UNINITIALIZED_AUTOS = YES_AGGRESSIVE;
				GCC_WARN_UNUSED_FUNCTION = YES;
				GCC_WARN_UNUSED_VARIABLE = YES;
				IPHONEOS_DEPLOYMENT_TARGET = 16.4;
				MTL_ENABLE_DEBUG_INFO = INCLUDE_SOURCE;
				MTL_FAST_MATH = YES;
				ONLY_ACTIVE_ARCH = YES;
				SDKROOT = iphoneos;
				SWIFT_ACTIVE_COMPILATION_CONDITIONS = DEBUG;
				SWIFT_OPTIMIZATION_LEVEL = "-Onone";
			};
			name = Debug;
		};
		775ABC212A4458FB001505CE /* Release */ = {
			isa = XCBuildConfiguration;
			buildSettings = {
				ALWAYS_SEARCH_USER_PATHS = NO;
				CLANG_ANALYZER_NONNULL = YES;
				CLANG_ANALYZER_NUMBER_OBJECT_CONVERSION = YES_AGGRESSIVE;
				CLANG_CXX_LANGUAGE_STANDARD = "gnu++20";
				CLANG_ENABLE_MODULES = YES;
				CLANG_ENABLE_OBJC_ARC = YES;
				CLANG_ENABLE_OBJC_WEAK = YES;
				CLANG_WARN_BLOCK_CAPTURE_AUTORELEASING = YES;
				CLANG_WARN_BOOL_CONVERSION = YES;
				CLANG_WARN_COMMA = YES;
				CLANG_WARN_CONSTANT_CONVERSION = YES;
				CLANG_WARN_DEPRECATED_OBJC_IMPLEMENTATIONS = YES;
				CLANG_WARN_DIRECT_OBJC_ISA_USAGE = YES_ERROR;
				CLANG_WARN_DOCUMENTATION_COMMENTS = YES;
				CLANG_WARN_EMPTY_BODY = YES;
				CLANG_WARN_ENUM_CONVERSION = YES;
				CLANG_WARN_INFINITE_RECURSION = YES;
				CLANG_WARN_INT_CONVERSION = YES;
				CLANG_WARN_NON_LITERAL_NULL_CONVERSION = YES;
				CLANG_WARN_OBJC_IMPLICIT_RETAIN_SELF = YES;
				CLANG_WARN_OBJC_LITERAL_CONVERSION = YES;
				CLANG_WARN_OBJC_ROOT_CLASS = YES_ERROR;
				CLANG_WARN_QUOTED_INCLUDE_IN_FRAMEWORK_HEADER = YES;
				CLANG_WARN_RANGE_LOOP_ANALYSIS = YES;
				CLANG_WARN_STRICT_PROTOTYPES = YES;
				CLANG_WARN_SUSPICIOUS_MOVE = YES;
				CLANG_WARN_UNGUARDED_AVAILABILITY = YES_AGGRESSIVE;
				CLANG_WARN_UNREACHABLE_CODE = YES;
				CLANG_WARN__DUPLICATE_METHOD_MATCH = YES;
				COPY_PHASE_STRIP = NO;
				DEBUG_INFORMATION_FORMAT = "dwarf-with-dsym";
				ENABLE_NS_ASSERTIONS = NO;
				ENABLE_STRICT_OBJC_MSGSEND = YES;
				GCC_C_LANGUAGE_STANDARD = gnu11;
				GCC_NO_COMMON_BLOCKS = YES;
				GCC_WARN_64_TO_32_BIT_CONVERSION = YES;
				GCC_WARN_ABOUT_RETURN_TYPE = YES_ERROR;
				GCC_WARN_UNDECLARED_SELECTOR = YES;
				GCC_WARN_UNINITIALIZED_AUTOS = YES_AGGRESSIVE;
				GCC_WARN_UNUSED_FUNCTION = YES;
				GCC_WARN_UNUSED_VARIABLE = YES;
				IPHONEOS_DEPLOYMENT_TARGET = 16.4;
				MTL_ENABLE_DEBUG_INFO = NO;
				MTL_FAST_MATH = YES;
				SDKROOT = iphoneos;
				SWIFT_COMPILATION_MODE = wholemodule;
				SWIFT_OPTIMIZATION_LEVEL = "-O";
				VALIDATE_PRODUCT = YES;
			};
			name = Release;
		};
		775ABC232A4458FB001505CE /* Debug */ = {
			isa = XCBuildConfiguration;
			buildSettings = {
				ASSETCATALOG_COMPILER_APPICON_NAME = AppIcon;
				ASSETCATALOG_COMPILER_GLOBAL_ACCENT_COLOR_NAME = AccentColor;
				CODE_SIGN_STYLE = Automatic;
				CURRENT_PROJECT_VERSION = 1;
				GENERATE_INFOPLIST_FILE = YES;
				INFOPLIST_FILE = homework5_NSLayoutConstraint/Info.plist;
				INFOPLIST_KEY_UIApplicationSupportsIndirectInputEvents = YES;
				INFOPLIST_KEY_UILaunchStoryboardName = LaunchScreen;
				INFOPLIST_KEY_UIMainStoryboardFile = Main;
				INFOPLIST_KEY_UISupportedInterfaceOrientations_iPad = "UIInterfaceOrientationPortrait UIInterfaceOrientationPortraitUpsideDown UIInterfaceOrientationLandscapeLeft UIInterfaceOrientationLandscapeRight";
				INFOPLIST_KEY_UISupportedInterfaceOrientations_iPhone = "UIInterfaceOrientationPortrait UIInterfaceOrientationLandscapeLeft UIInterfaceOrientationLandscapeRight";
				LD_RUNPATH_SEARCH_PATHS = (
					"$(inherited)",
					"@executable_path/Frameworks",
				);
				MARKETING_VERSION = 1.0;
				PRODUCT_BUNDLE_IDENTIFIER = "focus.homework5-NSLayoutConstraint";
				PRODUCT_NAME = "$(TARGET_NAME)";
				SWIFT_EMIT_LOC_STRINGS = YES;
				SWIFT_VERSION = 5.0;
				TARGETED_DEVICE_FAMILY = "1,2";
			};
			name = Debug;
		};
		775ABC242A4458FB001505CE /* Release */ = {
			isa = XCBuildConfiguration;
			buildSettings = {
				ASSETCATALOG_COMPILER_APPICON_NAME = AppIcon;
				ASSETCATALOG_COMPILER_GLOBAL_ACCENT_COLOR_NAME = AccentColor;
				CODE_SIGN_STYLE = Automatic;
				CURRENT_PROJECT_VERSION = 1;
				GENERATE_INFOPLIST_FILE = YES;
				INFOPLIST_FILE = homework5_NSLayoutConstraint/Info.plist;
				INFOPLIST_KEY_UIApplicationSupportsIndirectInputEvents = YES;
				INFOPLIST_KEY_UILaunchStoryboardName = LaunchScreen;
				INFOPLIST_KEY_UIMainStoryboardFile = Main;
				INFOPLIST_KEY_UISupportedInterfaceOrientations_iPad = "UIInterfaceOrientationPortrait UIInterfaceOrientationPortraitUpsideDown UIInterfaceOrientationLandscapeLeft UIInterfaceOrientationLandscapeRight";
				INFOPLIST_KEY_UISupportedInterfaceOrientations_iPhone = "UIInterfaceOrientationPortrait UIInterfaceOrientationLandscapeLeft UIInterfaceOrientationLandscapeRight";
				LD_RUNPATH_SEARCH_PATHS = (
					"$(inherited)",
					"@executable_path/Frameworks",
				);
				MARKETING_VERSION = 1.0;
				PRODUCT_BUNDLE_IDENTIFIER = "focus.homework5-NSLayoutConstraint";
				PRODUCT_NAME = "$(TARGET_NAME)";
				SWIFT_EMIT_LOC_STRINGS = YES;
				SWIFT_VERSION = 5.0;
				TARGETED_DEVICE_FAMILY = "1,2";
			};
			name = Release;
		};
		775ABC262A4458FB001505CE /* Debug */ = {
			isa = XCBuildConfiguration;
			buildSettings = {
				ALWAYS_EMBED_SWIFT_STANDARD_LIBRARIES = YES;
				BUNDLE_LOADER = "$(TEST_HOST)";
				CODE_SIGN_STYLE = Automatic;
				CURRENT_PROJECT_VERSION = 1;
				GENERATE_INFOPLIST_FILE = YES;
				IPHONEOS_DEPLOYMENT_TARGET = 16.4;
				MARKETING_VERSION = 1.0;
				PRODUCT_BUNDLE_IDENTIFIER = "focus.homework5-NSLayoutConstraintTests";
				PRODUCT_NAME = "$(TARGET_NAME)";
				SWIFT_EMIT_LOC_STRINGS = NO;
				SWIFT_VERSION = 5.0;
				TARGETED_DEVICE_FAMILY = "1,2";
				TEST_HOST = "$(BUILT_PRODUCTS_DIR)/homework5_NSLayoutConstraint.app/$(BUNDLE_EXECUTABLE_FOLDER_PATH)/homework5_NSLayoutConstraint";
			};
			name = Debug;
		};
		775ABC272A4458FB001505CE /* Release */ = {
			isa = XCBuildConfiguration;
			buildSettings = {
				ALWAYS_EMBED_SWIFT_STANDARD_LIBRARIES = YES;
				BUNDLE_LOADER = "$(TEST_HOST)";
				CODE_SIGN_STYLE = Automatic;
				CURRENT_PROJECT_VERSION = 1;
				GENERATE_INFOPLIST_FILE = YES;
				IPHONEOS_DEPLOYMENT_TARGET = 16.4;
				MARKETING_VERSION = 1.0;
				PRODUCT_BUNDLE_IDENTIFIER = "focus.homework5-NSLayoutConstraintTests";
				PRODUCT_NAME = "$(TARGET_NAME)";
				SWIFT_EMIT_LOC_STRINGS = NO;
				SWIFT_VERSION = 5.0;
				TARGETED_DEVICE_FAMILY = "1,2";
				TEST_HOST = "$(BUILT_PRODUCTS_DIR)/homework5_NSLayoutConstraint.app/$(BUNDLE_EXECUTABLE_FOLDER_PATH)/homework5_NSLayoutConstraint";
			};
			name = Release;
		};
		775ABC292A4458FB001505CE /* Debug */ = {
			isa = XCBuildConfiguration;
			buildSettings = {
				ALWAYS_EMBED_SWIFT_STANDARD_LIBRARIES = YES;
				CODE_SIGN_STYLE = Automatic;
				CURRENT_PROJECT_VERSION = 1;
				GENERATE_INFOPLIST_FILE = YES;
				MARKETING_VERSION = 1.0;
				PRODUCT_BUNDLE_IDENTIFIER = "focus.homework5-NSLayoutConstraintUITests";
				PRODUCT_NAME = "$(TARGET_NAME)";
				SWIFT_EMIT_LOC_STRINGS = NO;
				SWIFT_VERSION = 5.0;
				TARGETED_DEVICE_FAMILY = "1,2";
				TEST_TARGET_NAME = homework5_NSLayoutConstraint;
			};
			name = Debug;
		};
		775ABC2A2A4458FB001505CE /* Release */ = {
			isa = XCBuildConfiguration;
			buildSettings = {
				ALWAYS_EMBED_SWIFT_STANDARD_LIBRARIES = YES;
				CODE_SIGN_STYLE = Automatic;
				CURRENT_PROJECT_VERSION = 1;
				GENERATE_INFOPLIST_FILE = YES;
				MARKETING_VERSION = 1.0;
				PRODUCT_BUNDLE_IDENTIFIER = "focus.homework5-NSLayoutConstraintUITests";
				PRODUCT_NAME = "$(TARGET_NAME)";
				SWIFT_EMIT_LOC_STRINGS = NO;
				SWIFT_VERSION = 5.0;
				TARGETED_DEVICE_FAMILY = "1,2";
				TEST_TARGET_NAME = homework5_NSLayoutConstraint;
			};
			name = Release;
		};
/* End XCBuildConfiguration section */

/* Begin XCConfigurationList section */
		775ABBF02A4458FA001505CE /* Build configuration list for PBXProject "homework5_NSLayoutConstraint" */ = {
			isa = XCConfigurationList;
			buildConfigurations = (
				775ABC202A4458FB001505CE /* Debug */,
				775ABC212A4458FB001505CE /* Release */,
			);
			defaultConfigurationIsVisible = 0;
			defaultConfigurationName = Release;
		};
		775ABC222A4458FB001505CE /* Build configuration list for PBXNativeTarget "homework5_NSLayoutConstraint" */ = {
			isa = XCConfigurationList;
			buildConfigurations = (
				775ABC232A4458FB001505CE /* Debug */,
				775ABC242A4458FB001505CE /* Release */,
			);
			defaultConfigurationIsVisible = 0;
			defaultConfigurationName = Release;
		};
		775ABC252A4458FB001505CE /* Build configuration list for PBXNativeTarget "homework5_NSLayoutConstraintTests" */ = {
			isa = XCConfigurationList;
			buildConfigurations = (
				775ABC262A4458FB001505CE /* Debug */,
				775ABC272A4458FB001505CE /* Release */,
			);
			defaultConfigurationIsVisible = 0;
			defaultConfigurationName = Release;
		};
		775ABC282A4458FB001505CE /* Build configuration list for PBXNativeTarget "homework5_NSLayoutConstraintUITests" */ = {
			isa = XCConfigurationList;
			buildConfigurations = (
				775ABC292A4458FB001505CE /* Debug */,
				775ABC2A2A4458FB001505CE /* Release */,
			);
			defaultConfigurationIsVisible = 0;
			defaultConfigurationName = Release;
		};
/* End XCConfigurationList section */

/* Begin XCVersionGroup section */
		775ABC012A4458FA001505CE /* homework5_NSLayoutConstraint.xcdatamodeld */ = {
			isa = XCVersionGroup;
			children = (
				775ABC022A4458FA001505CE /* homework5_NSLayoutConstraint.xcdatamodel */,
			);
			currentVersion = 775ABC022A4458FA001505CE /* homework5_NSLayoutConstraint.xcdatamodel */;
			path = homework5_NSLayoutConstraint.xcdatamodeld;
			sourceTree = "<group>";
			versionGroupType = wrapper.xcdatamodel;
		};
/* End XCVersionGroup section */
	};
	rootObject = 775ABBED2A4458FA001505CE /* Project object */;
}
